
Microsoft Visual Studio Solution File, Format Version 12.00
# Visual Studio Version 17
VisualStudioVersion = 17.0.32112.339
MinimumVisualStudioVersion = 10.0.40219.1
Project("{8BC9CEB8-8B4A-11D0-8D11-00A0C91BC942}") = "ObjectOverloading", "ObjectOverloading\ObjectOverloading.vcxproj", "{5D784052-0EC0-4B10-86B2-03EBBB9C174D}"
EndProject
Project("{8BC9CEB8-8B4A-11D0-8D11-00A0C91BC942}") = "ObjectOverloadingDll", "ObjectOverloadingDll\ObjectOverloadingDll.vcxproj", "{AD5DA8AF-18D1-4235-990A-B82F94273F76}"
EndProject
Project("{8BC9CEB8-8B4A-11D0-8D11-00A0C91BC942}") = "ProcessDeviceMapUpdate", "ProcessDeviceMapUpdate\ProcessDeviceMapUpdate.vcxproj", "{10F337D1-288D-45BE-81B4-9EA40E3F1E1B}"
EndProject
Global
	GlobalSection(SolutionConfigurationPlatforms) = preSolution
		Debug|x64 = Debug|x64
		Release|x64 = Release|x64
	EndGlobalSection
	GlobalSection(ProjectConfigurationPlatforms) = postSolution
		{5D784052-0EC0-4B10-86B2-03EBBB9C174D}.Debug|x64.ActiveCfg = Debug|x64
		{5D784052-0EC0-4B10-86B2-03EBBB9C174D}.Debug|x64.Build.0 = Debug|x64
		{5D784052-0EC0-4B10-86B2-03EBBB9C174D}.Release|x64.ActiveCfg = Release|x64
		{5D784052-0EC0-4B10-86B2-03EBBB9C174D}.Release|x64.Build.0 = Release|x64
		{AD5DA8AF-18D1-4235-990A-B82F94273F76}.Debug|x64.ActiveCfg = Debug|x64
		{AD5DA8AF-18D1-4235-990A-B82F94273F76}.Debug|x64.Build.0 = Debug|x64
		{AD5DA8AF-18D1-4235-990A-B82F94273F76}.Release|x64.ActiveCfg = Release|x64
		{AD5DA8AF-18D1-4235-990A-B82F94273F76}.Release|x64.Build.0 = Release|x64
		{10F337D1-288D-45BE-81B4-9EA40E3F1E1B}.Debug|x64.ActiveCfg = Debug|x64
		{10F337D1-288D-45BE-81B4-9EA40E3F1E1B}.Debug|x64.Build.0 = Debug|x64
		{10F337D1-288D-45BE-81B4-9EA40E3F1E1B}.Release|x64.ActiveCfg = Release|x64
		{10F337D1-288D-45BE-81B4-9EA40E3F1E1B}.Release|x64.Build.0 = Release|x64
	EndGlobalSection
	GlobalSection(SolutionProperties) = preSolution
		HideSolutionNode = FALSE
	EndGlobalSection
	GlobalSection(ExtensibilityGlobals) = postSolution
		SolutionGuid = {918760B6-B628-4068-9689-5823CBDF9B4F}
	EndGlobalSection
EndGlobal
